
Microsoft Visual Studio Solution File, Format Version 12.00
# Visual Studio Version 17
VisualStudioVersion = 17.14.36127.28 d17.14
MinimumVisualStudioVersion = 10.0.40219.1
Project("{888888A0-9F3D-457C-B088-3A5042F75D52}") = "odonto", "odonto.pyproj", "{A8736A2E-993A-4A31-81FB-10FD3902FF57}"
EndProject
Global
	GlobalSection(SolutionConfigurationPlatforms) = preSolution
		Debug|Any CPU = Debug|Any CPU
		Release|Any CPU = Release|Any CPU
	EndGlobalSection
	GlobalSection(ProjectConfigurationPlatforms) = postSolution
		{A8736A2E-993A-4A31-81FB-10FD3902FF57}.Debug|Any CPU.ActiveCfg = Debug|Any CPU
		{A8736A2E-993A-4A31-81FB-10FD3902FF57}.Release|Any CPU.ActiveCfg = Release|Any CPU
	EndGlobalSection
	GlobalSection(SolutionProperties) = preSolution
		HideSolutionNode = FALSE
	EndGlobalSection
	GlobalSection(ExtensibilityGlobals) = postSolution
		SolutionGuid = {F78658A3-92E8-4988-9CB8-69C80A1C4E11}
	EndGlobalSection
EndGlobal
